// !$*UTF8*$!
{
	archiveVersion = 1;
	classes = {
	};
	objectVersion = 46;
	objects = {
/* Begin PBXBuildFile section */
		002FEF222AB7438783155F53 /* UIImage+CropScaleOrientation.m in Sources */ = {isa = PBXBuildFile; fileRef = 43CFF12B327D44F6A79D56AF /* UIImage+CropScaleOrientation.m */; };
		0207DA581B56EA530066E2B4 /* Images.xcassets in Resources */ = {isa = PBXBuildFile; fileRef = 0207DA571B56EA530066E2B4 /* Images.xcassets */; };
		1B8BD6F386134D4BB19119FA /* CoreMotion.framework in Frameworks */ = {isa = PBXBuildFile; fileRef = 923EE06E8F4C41DA9C2B7D0E /* CoreMotion.framework */; };
		1D3623260D0F684500981E51 /* AppDelegate.m in Sources */ = {isa = PBXBuildFile; fileRef = 1D3623250D0F684500981E51 /* AppDelegate.m */; };
		1D60589B0D05DD56006BFB54 /* main.m in Sources */ = {isa = PBXBuildFile; fileRef = 29B97316FDCFA39411CA2CEA /* main.m */; };
		1F23ABE7BC4C4BE4BFE4DF26 /* CDVBattery.m in Sources */ = {isa = PBXBuildFile; fileRef = 5F100E682DE74B3AA5E0BCB4 /* CDVBattery.m */; };
		2769F810C5B34373993A9438 /* ImageIO.framework in Frameworks */ = {isa = PBXBuildFile; fileRef = 31ACDE1B01D14695ADA11260 /* ImageIO.framework */; settings = {ATTRIBUTES = (Weak, ); }; };
		27B89BA24C95411C8798249E /* CoreLocation.framework in Frameworks */ = {isa = PBXBuildFile; fileRef = C68B1EB24EBD4D16BF454897 /* CoreLocation.framework */; };
		301BF552109A68D80062928A /* libCordova.a in Frameworks */ = {isa = PBXBuildFile; fileRef = 301BF535109A57CC0062928A /* libCordova.a */; };
		302D95F114D2391D003F00A1 /* MainViewController.m in Sources */ = {isa = PBXBuildFile; fileRef = 302D95EF14D2391D003F00A1 /* MainViewController.m */; };
		302D95F214D2391D003F00A1 /* MainViewController.xib in Resources */ = {isa = PBXBuildFile; fileRef = 302D95F014D2391D003F00A1 /* MainViewController.xib */; };
		3047A5121AB8059700498E2A /* build-debug.xcconfig in Resources */ = {isa = PBXBuildFile; fileRef = 3047A50F1AB8059700498E2A /* build-debug.xcconfig */; };
		3047A5131AB8059700498E2A /* build-release.xcconfig in Resources */ = {isa = PBXBuildFile; fileRef = 3047A5101AB8059700498E2A /* build-release.xcconfig */; };
		3047A5141AB8059700498E2A /* build.xcconfig in Resources */ = {isa = PBXBuildFile; fileRef = 3047A5111AB8059700498E2A /* build.xcconfig */; };
		3BAECB03148C470899D4A9AF /* CDVViewController+SplashScreen.m in Sources */ = {isa = PBXBuildFile; fileRef = 824DCBF303D5401A9FF291A3 /* CDVViewController+SplashScreen.m */; };
		49AA3468B1134200AC7DB0E7 /* CDVGlobalization.m in Sources */ = {isa = PBXBuildFile; fileRef = 3923E228070849A6A6CDBC86 /* CDVGlobalization.m */; };
		5257D25C6EF145FCB2D0B7D1 /* CDVConnection.m in Sources */ = {isa = PBXBuildFile; fileRef = E2B54922A6F74584831B6A67 /* CDVConnection.m */; };
		53071A5E5292474D80812394 /* CDVCapture.bundle in Resources */ = {isa = PBXBuildFile; fileRef = 7C6519DD7F5749B0A441FC96 /* CDVCapture.bundle */; };
		57102491EA4A4B86AE4AE7DE /* CDVReachability.m in Sources */ = {isa = PBXBuildFile; fileRef = 17F0610711BE4B14841CEF5D /* CDVReachability.m */; };
		5E807A91809649B2A64F79D1 /* CDVNotification.m in Sources */ = {isa = PBXBuildFile; fileRef = CE9B688E0A8C4A48BE38E785 /* CDVNotification.m */; };
		6231ACE8CEAC4EB9BE8B4140 /* CDVCompass.m in Sources */ = {isa = PBXBuildFile; fileRef = 6DCEE759077F4DBD9457C57A /* CDVCompass.m */; };
		70C2ED1006504F27B3F223D2 /* CDVAssetLibraryFilesystem.m in Sources */ = {isa = PBXBuildFile; fileRef = 833AFDDF9B354B7886BA4659 /* CDVAssetLibraryFilesystem.m */; };
		755FD09F39F04E7EB0A88B39 /* AddressBookUI.framework in Frameworks */ = {isa = PBXBuildFile; fileRef = E07BEFABC42F4858BC3CC279 /* AddressBookUI.framework */; settings = {ATTRIBUTES = (Weak, ); }; };
		80F58499B7BC484BAB9E3B94 /* AudioToolbox.framework in Frameworks */ = {isa = PBXBuildFile; fileRef = D19D3369F9874FB08A098F54 /* AudioToolbox.framework */; settings = {ATTRIBUTES = (Weak, ); }; };
		8D43FF9BD28343889D740C00 /* SystemConfiguration.framework in Frameworks */ = {isa = PBXBuildFile; fileRef = AE95210FBACE4945BA157A8C /* SystemConfiguration.framework */; settings = {ATTRIBUTES = (Weak, ); }; };
		904DCEB98AA4446D954BA1D5 /* CDVFile.m in Sources */ = {isa = PBXBuildFile; fileRef = BB5ABC3D752342F3B933D8A4 /* CDVFile.m */; };
		9C732A8D711D454F84BFA2BD /* CDVLocalFilesystem.m in Sources */ = {isa = PBXBuildFile; fileRef = 9B2D6AB1F26D4C5488B1A067 /* CDVLocalFilesystem.m */; };
		9D64CDC6D1EA434295ECD0FB /* CDVFileTransfer.m in Sources */ = {isa = PBXBuildFile; fileRef = B5DB454C940E43DB920DC02D /* CDVFileTransfer.m */; };
		ABA91AE592854831971EBD09 /* CDVInAppBrowser.m in Sources */ = {isa = PBXBuildFile; fileRef = C74ABB80D53A4F20B13D598C /* CDVInAppBrowser.m */; };
		B2141C02F63240AF845E86D7 /* CDVVibration.m in Sources */ = {isa = PBXBuildFile; fileRef = 327C08482A4D41C48A830BB1 /* CDVVibration.m */; };
		B2518AF034EA4335BF954A76 /* AVFoundation.framework in Frameworks */ = {isa = PBXBuildFile; fileRef = 8B814E34F71B4F329C3DFAAC /* AVFoundation.framework */; };
		BBE5567522794566B5FED0FE /* CDVNotification.bundle in Resources */ = {isa = PBXBuildFile; fileRef = DF9E2C53A6434626A4F6D75B /* CDVNotification.bundle */; };
		C03849D0951D4227AEF65C8A /* CDVLocation.m in Sources */ = {isa = PBXBuildFile; fileRef = D4E6115D9902471499964EB1 /* CDVLocation.m */; };
		CBC33BB951574921BF16504C /* CDVCamera.m in Sources */ = {isa = PBXBuildFile; fileRef = D1DB77B1796B41CCA674F4E5 /* CDVCamera.m */; };
		CF007439624E4DF4A1B4C118 /* CoreTelephony.framework in Frameworks */ = {isa = PBXBuildFile; fileRef = 6212836502514A21BB09D31E /* CoreTelephony.framework */; };
		D4F73EBB0D3740708FFAB9E8 /* AddressBook.framework in Frameworks */ = {isa = PBXBuildFile; fileRef = A4D2F69BDE5148B8B0378073 /* AddressBook.framework */; settings = {ATTRIBUTES = (Weak, ); }; };
		D93EB45E71AE4A2E98A55562 /* CDVSound.m in Sources */ = {isa = PBXBuildFile; fileRef = 869F0F1A19E848208FE4B9E8 /* CDVSound.m */; };
		DBE9EDACA44244C39D48ABFD /* CDVJpegHeaderWriter.m in Sources */ = {isa = PBXBuildFile; fileRef = 4516440BF22E46E395CE2FED /* CDVJpegHeaderWriter.m */; };
		DE8B41A301E3498C9AD39BE9 /* CDVCapture.m in Sources */ = {isa = PBXBuildFile; fileRef = 5DAAC51D11E64625826B958D /* CDVCapture.m */; };
		E90FB2C293BF4715939E53C7 /* CDVDevice.m in Sources */ = {isa = PBXBuildFile; fileRef = EB79A5A9EB4F4D05A050E59E /* CDVDevice.m */; };
		EB7A4E26C75A4858B49BF9BD /* CDVAccelerometer.m in Sources */ = {isa = PBXBuildFile; fileRef = AFF1AB6853624EE5B03C54E6 /* CDVAccelerometer.m */; };
		F480E430ADEC4985989C9FFB /* CDVSplashScreen.m in Sources */ = {isa = PBXBuildFile; fileRef = E93C97048E34455FA5D51B7C /* CDVSplashScreen.m */; };
		F639ABA284D643AAAB5A52BF /* CDVContacts.m in Sources */ = {isa = PBXBuildFile; fileRef = 274A74171AEE4046B9461A1D /* CDVContacts.m */; };
		FA6A06C986DE47FEAEC0792B /* CDVContact.m in Sources */ = {isa = PBXBuildFile; fileRef = 723E427EF4D4417D9AEC1503 /* CDVContact.m */; };
		365325C5ABF84FC096A8847A /* CDVStatusBar.m in Sources */ = {isa = PBXBuildFile; fileRef = 5F1780D903674B7596195F15 /* CDVStatusBar.m */; };
/* End PBXBuildFile section */

/* Begin PBXContainerItemProxy section */
		301BF534109A57CC0062928A /* PBXContainerItemProxy */ = {
			isa = PBXContainerItemProxy;
			containerPortal = 301BF52D109A57CC0062928A /* CordovaLib.xcodeproj */;
			proxyType = 2;
			remoteGlobalIDString = D2AAC07E0554694100DB518D;
			remoteInfo = CordovaLib;
		};
		301BF550109A68C00062928A /* PBXContainerItemProxy */ = {
			isa = PBXContainerItemProxy;
			containerPortal = 301BF52D109A57CC0062928A /* CordovaLib.xcodeproj */;
			proxyType = 1;
			remoteGlobalIDString = D2AAC07D0554694100DB518D;
			remoteInfo = CordovaLib;
		};
/* End PBXContainerItemProxy section */

/* Begin PBXFileReference section */
		00E6C155FF334C4E910B9C8B /* CDVContact.h */ = {isa = PBXFileReference; explicitFileType = undefined; fileEncoding = 4; includeInIndex = 0; lastKnownFileType = sourcecode.c.h; name = CDVContact.h; path = "cordova-plugin-contacts/CDVContact.h"; sourceTree = "<group>"; };
		0207DA571B56EA530066E2B4 /* Images.xcassets */ = {isa = PBXFileReference; lastKnownFileType = folder.assetcatalog; name = Images.xcassets; path = "GWT-Phonegap/Images.xcassets"; sourceTree = SOURCE_ROOT; };
		07EE9F125F95447C83EE8200 /* CDVAccelerometer.h */ = {isa = PBXFileReference; explicitFileType = undefined; fileEncoding = 4; includeInIndex = 0; lastKnownFileType = sourcecode.c.h; name = CDVAccelerometer.h; path = "cordova-plugin-device-motion/CDVAccelerometer.h"; sourceTree = "<group>"; };
		081CA98EFBEA41D68EB5680D /* CDVCamera.h */ = {isa = PBXFileReference; explicitFileType = undefined; fileEncoding = 4; includeInIndex = 0; lastKnownFileType = sourcecode.c.h; name = CDVCamera.h; path = "cordova-plugin-camera/CDVCamera.h"; sourceTree = "<group>"; };
		0B670CACB94E4661B87B4FB1 /* CDVVibration.h */ = {isa = PBXFileReference; explicitFileType = undefined; fileEncoding = 4; includeInIndex = 0; lastKnownFileType = sourcecode.c.h; name = CDVVibration.h; path = "cordova-plugin-vibration/CDVVibration.h"; sourceTree = "<group>"; };
		1506C13990C344919C81DA19 /* CDVAssetLibraryFilesystem.h */ = {isa = PBXFileReference; explicitFileType = undefined; fileEncoding = 4; includeInIndex = 0; lastKnownFileType = sourcecode.c.h; name = CDVAssetLibraryFilesystem.h; path = "cordova-plugin-file/CDVAssetLibraryFilesystem.h"; sourceTree = "<group>"; };
		17F0610711BE4B14841CEF5D /* CDVReachability.m */ = {isa = PBXFileReference; explicitFileType = undefined; fileEncoding = 4; includeInIndex = 0; lastKnownFileType = sourcecode.c.objc; name = CDVReachability.m; path = "cordova-plugin-network-information/CDVReachability.m"; sourceTree = "<group>"; };
		1D3623240D0F684500981E51 /* AppDelegate.h */ = {isa = PBXFileReference; fileEncoding = 4; lastKnownFileType = sourcecode.c.h; path = AppDelegate.h; sourceTree = "<group>"; };
		1D3623250D0F684500981E51 /* AppDelegate.m */ = {isa = PBXFileReference; fileEncoding = 4; lastKnownFileType = sourcecode.c.objc; path = AppDelegate.m; sourceTree = "<group>"; };
		1D6058910D05DD3D006BFB54 /* GWT-PhoneGap.app */ = {isa = PBXFileReference; explicitFileType = wrapper.application; includeInIndex = 0; path = "GWT-PhoneGap.app"; sourceTree = BUILT_PRODUCTS_DIR; };
		274A74171AEE4046B9461A1D /* CDVContacts.m */ = {isa = PBXFileReference; explicitFileType = undefined; fileEncoding = 4; includeInIndex = 0; lastKnownFileType = sourcecode.c.objc; name = CDVContacts.m; path = "cordova-plugin-contacts/CDVContacts.m"; sourceTree = "<group>"; };
		29B97316FDCFA39411CA2CEA /* main.m */ = {isa = PBXFileReference; fileEncoding = 4; lastKnownFileType = sourcecode.c.objc; path = main.m; sourceTree = "<group>"; };
		2E69EBF235D4410C924B54DD /* CDVGlobalization.h */ = {isa = PBXFileReference; explicitFileType = undefined; fileEncoding = 4; includeInIndex = 0; lastKnownFileType = sourcecode.c.h; name = CDVGlobalization.h; path = "cordova-plugin-globalization/CDVGlobalization.h"; sourceTree = "<group>"; };
		301BF52D109A57CC0062928A /* CordovaLib.xcodeproj */ = {isa = PBXFileReference; lastKnownFileType = "wrapper.pb-project"; name = CordovaLib.xcodeproj; path = CordovaLib/CordovaLib.xcodeproj; sourceTree = "<group>"; };
		301BF56E109A69640062928A /* www */ = {isa = PBXFileReference; lastKnownFileType = folder; path = www; sourceTree = SOURCE_ROOT; };
		302D95EE14D2391D003F00A1 /* MainViewController.h */ = {isa = PBXFileReference; fileEncoding = 4; lastKnownFileType = sourcecode.c.h; path = MainViewController.h; sourceTree = "<group>"; };
		302D95EF14D2391D003F00A1 /* MainViewController.m */ = {isa = PBXFileReference; fileEncoding = 4; lastKnownFileType = sourcecode.c.objc; path = MainViewController.m; sourceTree = "<group>"; };
		302D95F014D2391D003F00A1 /* MainViewController.xib */ = {isa = PBXFileReference; fileEncoding = 4; lastKnownFileType = file.xib; path = MainViewController.xib; sourceTree = "<group>"; };
		3047A50F1AB8059700498E2A /* build-debug.xcconfig */ = {isa = PBXFileReference; fileEncoding = 4; lastKnownFileType = text.xcconfig; name = "build-debug.xcconfig"; path = "cordova/build-debug.xcconfig"; sourceTree = SOURCE_ROOT; };
		3047A5101AB8059700498E2A /* build-release.xcconfig */ = {isa = PBXFileReference; fileEncoding = 4; lastKnownFileType = text.xcconfig; name = "build-release.xcconfig"; path = "cordova/build-release.xcconfig"; sourceTree = SOURCE_ROOT; };
		3047A5111AB8059700498E2A /* build.xcconfig */ = {isa = PBXFileReference; fileEncoding = 4; lastKnownFileType = text.xcconfig; name = build.xcconfig; path = cordova/build.xcconfig; sourceTree = SOURCE_ROOT; };
		309878BEF15E4F568D8551D5 /* CDVCapture.h */ = {isa = PBXFileReference; explicitFileType = undefined; fileEncoding = 4; includeInIndex = 0; lastKnownFileType = sourcecode.c.h; name = CDVCapture.h; path = "cordova-plugin-media-capture/CDVCapture.h"; sourceTree = "<group>"; };
		31ACDE1B01D14695ADA11260 /* ImageIO.framework */ = {isa = PBXFileReference; explicitFileType = undefined; fileEncoding = 0; includeInIndex = 0; lastKnownFileType = wrapper.framework; name = ImageIO.framework; path = System/Library/Frameworks/ImageIO.framework; sourceTree = SDKROOT; };
		327C08482A4D41C48A830BB1 /* CDVVibration.m */ = {isa = PBXFileReference; explicitFileType = undefined; fileEncoding = 4; includeInIndex = 0; lastKnownFileType = sourcecode.c.objc; name = CDVVibration.m; path = "cordova-plugin-vibration/CDVVibration.m"; sourceTree = "<group>"; };
		32CA4F630368D1EE00C91783 /* GWT-Phonegap-Prefix.pch */ = {isa = PBXFileReference; fileEncoding = 4; lastKnownFileType = sourcecode.c.h; path = "GWT-Phonegap-Prefix.pch"; sourceTree = "<group>"; };
		32F2FA179962429CA5DA06E9 /* CDVViewController+SplashScreen.h */ = {isa = PBXFileReference; explicitFileType = undefined; fileEncoding = 4; includeInIndex = 0; lastKnownFileType = sourcecode.c.h; name = "CDVViewController+SplashScreen.h"; path = "cordova-plugin-splashscreen/CDVViewController+SplashScreen.h"; sourceTree = "<group>"; };
		3663F7EDC9FD4F25869C1FE4 /* UIImage+CropScaleOrientation.h */ = {isa = PBXFileReference; explicitFileType = undefined; fileEncoding = 4; includeInIndex = 0; lastKnownFileType = sourcecode.c.h; name = "UIImage+CropScaleOrientation.h"; path = "cordova-plugin-camera/UIImage+CropScaleOrientation.h"; sourceTree = "<group>"; };
		3923E228070849A6A6CDBC86 /* CDVGlobalization.m */ = {isa = PBXFileReference; explicitFileType = undefined; fileEncoding = 4; includeInIndex = 0; lastKnownFileType = sourcecode.c.objc; name = CDVGlobalization.m; path = "cordova-plugin-globalization/CDVGlobalization.m"; sourceTree = "<group>"; };
		394BF0D2D9FC480AB2009829 /* CDVLocalFilesystem.h */ = {isa = PBXFileReference; explicitFileType = undefined; fileEncoding = 4; includeInIndex = 0; lastKnownFileType = sourcecode.c.h; name = CDVLocalFilesystem.h; path = "cordova-plugin-file/CDVLocalFilesystem.h"; sourceTree = "<group>"; };
		43CFF12B327D44F6A79D56AF /* UIImage+CropScaleOrientation.m */ = {isa = PBXFileReference; explicitFileType = undefined; fileEncoding = 4; includeInIndex = 0; lastKnownFileType = sourcecode.c.objc; name = "UIImage+CropScaleOrientation.m"; path = "cordova-plugin-camera/UIImage+CropScaleOrientation.m"; sourceTree = "<group>"; };
		4516440BF22E46E395CE2FED /* CDVJpegHeaderWriter.m */ = {isa = PBXFileReference; explicitFileType = undefined; fileEncoding = 4; includeInIndex = 0; lastKnownFileType = sourcecode.c.objc; name = CDVJpegHeaderWriter.m; path = "cordova-plugin-camera/CDVJpegHeaderWriter.m"; sourceTree = "<group>"; };
		45E6D52031A8439B811EC339 /* CDVSplashScreen.h */ = {isa = PBXFileReference; explicitFileType = undefined; fileEncoding = 4; includeInIndex = 0; lastKnownFileType = sourcecode.c.h; name = CDVSplashScreen.h; path = "cordova-plugin-splashscreen/CDVSplashScreen.h"; sourceTree = "<group>"; };
		4BEAAE2F8590479289702D08 /* CDVReachability.h */ = {isa = PBXFileReference; explicitFileType = undefined; fileEncoding = 4; includeInIndex = 0; lastKnownFileType = sourcecode.c.h; name = CDVReachability.h; path = "cordova-plugin-network-information/CDVReachability.h"; sourceTree = "<group>"; };
		51FC39651503400DBB32DE7B /* CDVBattery.h */ = {isa = PBXFileReference; explicitFileType = undefined; fileEncoding = 4; includeInIndex = 0; lastKnownFileType = sourcecode.c.h; name = CDVBattery.h; path = "cordova-plugin-battery-status/CDVBattery.h"; sourceTree = "<group>"; };
		58B6DC0BBE984CDF9691F501 /* CDVInAppBrowser.h */ = {isa = PBXFileReference; explicitFileType = undefined; fileEncoding = 4; includeInIndex = 0; lastKnownFileType = sourcecode.c.h; name = CDVInAppBrowser.h; path = "cordova-plugin-inappbrowser/CDVInAppBrowser.h"; sourceTree = "<group>"; };
		5DAAC51D11E64625826B958D /* CDVCapture.m */ = {isa = PBXFileReference; explicitFileType = undefined; fileEncoding = 4; includeInIndex = 0; lastKnownFileType = sourcecode.c.objc; name = CDVCapture.m; path = "cordova-plugin-media-capture/CDVCapture.m"; sourceTree = "<group>"; };
		5F100E682DE74B3AA5E0BCB4 /* CDVBattery.m */ = {isa = PBXFileReference; explicitFileType = undefined; fileEncoding = 4; includeInIndex = 0; lastKnownFileType = sourcecode.c.objc; name = CDVBattery.m; path = "cordova-plugin-battery-status/CDVBattery.m"; sourceTree = "<group>"; };
		6212836502514A21BB09D31E /* CoreTelephony.framework */ = {isa = PBXFileReference; explicitFileType = undefined; fileEncoding = 0; includeInIndex = 0; lastKnownFileType = wrapper.framework; name = CoreTelephony.framework; path = System/Library/Frameworks/CoreTelephony.framework; sourceTree = SDKROOT; };
		6DCEE759077F4DBD9457C57A /* CDVCompass.m */ = {isa = PBXFileReference; explicitFileType = undefined; fileEncoding = 4; includeInIndex = 0; lastKnownFileType = sourcecode.c.objc; name = CDVCompass.m; path = "cordova-plugin-device-orientation/CDVCompass.m"; sourceTree = "<group>"; };
		723E427EF4D4417D9AEC1503 /* CDVContact.m */ = {isa = PBXFileReference; explicitFileType = undefined; fileEncoding = 4; includeInIndex = 0; lastKnownFileType = sourcecode.c.objc; name = CDVContact.m; path = "cordova-plugin-contacts/CDVContact.m"; sourceTree = "<group>"; };
		760761974C384149A78808BB /* CDVConnection.h */ = {isa = PBXFileReference; explicitFileType = undefined; fileEncoding = 4; includeInIndex = 0; lastKnownFileType = sourcecode.c.h; name = CDVConnection.h; path = "cordova-plugin-network-information/CDVConnection.h"; sourceTree = "<group>"; };
		7C6519DD7F5749B0A441FC96 /* CDVCapture.bundle */ = {isa = PBXFileReference; explicitFileType = undefined; fileEncoding = 0; includeInIndex = 0; lastKnownFileType = "wrapper.plug-in"; path = CDVCapture.bundle; sourceTree = "<group>"; };
		7D4725BF383445CF8CAC34C5 /* CDVFileTransfer.h */ = {isa = PBXFileReference; explicitFileType = undefined; fileEncoding = 4; includeInIndex = 0; lastKnownFileType = sourcecode.c.h; name = CDVFileTransfer.h; path = "cordova-plugin-file-transfer/CDVFileTransfer.h"; sourceTree = "<group>"; };
		824DCBF303D5401A9FF291A3 /* CDVViewController+SplashScreen.m */ = {isa = PBXFileReference; explicitFileType = undefined; fileEncoding = 4; includeInIndex = 0; lastKnownFileType = sourcecode.c.objc; name = "CDVViewController+SplashScreen.m"; path = "cordova-plugin-splashscreen/CDVViewController+SplashScreen.m"; sourceTree = "<group>"; };
		833AFDDF9B354B7886BA4659 /* CDVAssetLibraryFilesystem.m */ = {isa = PBXFileReference; explicitFileType = undefined; fileEncoding = 4; includeInIndex = 0; lastKnownFileType = sourcecode.c.objc; name = CDVAssetLibraryFilesystem.m; path = "cordova-plugin-file/CDVAssetLibraryFilesystem.m"; sourceTree = "<group>"; };
		869F0F1A19E848208FE4B9E8 /* CDVSound.m */ = {isa = PBXFileReference; explicitFileType = undefined; fileEncoding = 4; includeInIndex = 0; lastKnownFileType = sourcecode.c.objc; name = CDVSound.m; path = "cordova-plugin-media/CDVSound.m"; sourceTree = "<group>"; };
		8B814E34F71B4F329C3DFAAC /* AVFoundation.framework */ = {isa = PBXFileReference; explicitFileType = undefined; fileEncoding = 0; includeInIndex = 0; lastKnownFileType = wrapper.framework; name = AVFoundation.framework; path = System/Library/Frameworks/AVFoundation.framework; sourceTree = SDKROOT; };
		8D1107310486CEB800E47090 /* GWT-Phonegap-Info.plist */ = {isa = PBXFileReference; fileEncoding = 4; lastKnownFileType = text.plist.xml; name = "GWT-Phonegap-Info.plist"; path = "GWT-Phonegap/GWT-Phonegap-Info.plist"; plistStructureDefinitionIdentifier = "com.apple.xcode.plist.structure-definition.iphone.info-plist"; sourceTree = SOURCE_ROOT; };
		923EE06E8F4C41DA9C2B7D0E /* CoreMotion.framework */ = {isa = PBXFileReference; explicitFileType = undefined; fileEncoding = 0; includeInIndex = 0; lastKnownFileType = wrapper.framework; name = CoreMotion.framework; path = System/Library/Frameworks/CoreMotion.framework; sourceTree = SDKROOT; };
		9B2D6AB1F26D4C5488B1A067 /* CDVLocalFilesystem.m */ = {isa = PBXFileReference; explicitFileType = undefined; fileEncoding = 4; includeInIndex = 0; lastKnownFileType = sourcecode.c.objc; name = CDVLocalFilesystem.m; path = "cordova-plugin-file/CDVLocalFilesystem.m"; sourceTree = "<group>"; };
		A4D2F69BDE5148B8B0378073 /* AddressBook.framework */ = {isa = PBXFileReference; explicitFileType = undefined; fileEncoding = 0; includeInIndex = 0; lastKnownFileType = wrapper.framework; name = AddressBook.framework; path = System/Library/Frameworks/AddressBook.framework; sourceTree = SDKROOT; };
		AE95210FBACE4945BA157A8C /* SystemConfiguration.framework */ = {isa = PBXFileReference; explicitFileType = undefined; fileEncoding = 0; includeInIndex = 0; lastKnownFileType = wrapper.framework; name = SystemConfiguration.framework; path = System/Library/Frameworks/SystemConfiguration.framework; sourceTree = SDKROOT; };
		AFF1AB6853624EE5B03C54E6 /* CDVAccelerometer.m */ = {isa = PBXFileReference; explicitFileType = undefined; fileEncoding = 4; includeInIndex = 0; lastKnownFileType = sourcecode.c.objc; name = CDVAccelerometer.m; path = "cordova-plugin-device-motion/CDVAccelerometer.m"; sourceTree = "<group>"; };
		B5DB454C940E43DB920DC02D /* CDVFileTransfer.m */ = {isa = PBXFileReference; explicitFileType = undefined; fileEncoding = 4; includeInIndex = 0; lastKnownFileType = sourcecode.c.objc; name = CDVFileTransfer.m; path = "cordova-plugin-file-transfer/CDVFileTransfer.m"; sourceTree = "<group>"; };
		B9056E913DF54C15A53793ED /* CDVDevice.h */ = {isa = PBXFileReference; explicitFileType = undefined; fileEncoding = 4; includeInIndex = 0; lastKnownFileType = sourcecode.c.h; name = CDVDevice.h; path = "cordova-plugin-device/CDVDevice.h"; sourceTree = "<group>"; };
		BB5ABC3D752342F3B933D8A4 /* CDVFile.m */ = {isa = PBXFileReference; explicitFileType = undefined; fileEncoding = 4; includeInIndex = 0; lastKnownFileType = sourcecode.c.objc; name = CDVFile.m; path = "cordova-plugin-file/CDVFile.m"; sourceTree = "<group>"; };
		BFD7F2AEBDF446A5AE232258 /* CDVFile.h */ = {isa = PBXFileReference; explicitFileType = undefined; fileEncoding = 4; includeInIndex = 0; lastKnownFileType = sourcecode.c.h; name = CDVFile.h; path = "cordova-plugin-file/CDVFile.h"; sourceTree = "<group>"; };
		C2CE7A449C9243B795EA7C94 /* CDVCompass.h */ = {isa = PBXFileReference; explicitFileType = undefined; fileEncoding = 4; includeInIndex = 0; lastKnownFileType = sourcecode.c.h; name = CDVCompass.h; path = "cordova-plugin-device-orientation/CDVCompass.h"; sourceTree = "<group>"; };
		C68B1EB24EBD4D16BF454897 /* CoreLocation.framework */ = {isa = PBXFileReference; explicitFileType = undefined; fileEncoding = 0; includeInIndex = 0; lastKnownFileType = wrapper.framework; name = CoreLocation.framework; path = System/Library/Frameworks/CoreLocation.framework; sourceTree = SDKROOT; };
		C74ABB80D53A4F20B13D598C /* CDVInAppBrowser.m */ = {isa = PBXFileReference; explicitFileType = undefined; fileEncoding = 4; includeInIndex = 0; lastKnownFileType = sourcecode.c.objc; name = CDVInAppBrowser.m; path = "cordova-plugin-inappbrowser/CDVInAppBrowser.m"; sourceTree = "<group>"; };
		C862BF15A0504F369A8EFDB3 /* CDVLocation.h */ = {isa = PBXFileReference; explicitFileType = undefined; fileEncoding = 4; includeInIndex = 0; lastKnownFileType = sourcecode.c.h; name = CDVLocation.h; path = "cordova-plugin-geolocation/CDVLocation.h"; sourceTree = "<group>"; };
		CE9B688E0A8C4A48BE38E785 /* CDVNotification.m */ = {isa = PBXFileReference; explicitFileType = undefined; fileEncoding = 4; includeInIndex = 0; lastKnownFileType = sourcecode.c.objc; name = CDVNotification.m; path = "cordova-plugin-dialogs/CDVNotification.m"; sourceTree = "<group>"; };
		D02B25CA50284EF48F73690A /* CDVNotification.h */ = {isa = PBXFileReference; explicitFileType = undefined; fileEncoding = 4; includeInIndex = 0; lastKnownFileType = sourcecode.c.h; name = CDVNotification.h; path = "cordova-plugin-dialogs/CDVNotification.h"; sourceTree = "<group>"; };
		D19D3369F9874FB08A098F54 /* AudioToolbox.framework */ = {isa = PBXFileReference; explicitFileType = undefined; fileEncoding = 0; includeInIndex = 0; lastKnownFileType = wrapper.framework; name = AudioToolbox.framework; path = System/Library/Frameworks/AudioToolbox.framework; sourceTree = SDKROOT; };
		D1DB77B1796B41CCA674F4E5 /* CDVCamera.m */ = {isa = PBXFileReference; explicitFileType = undefined; fileEncoding = 4; includeInIndex = 0; lastKnownFileType = sourcecode.c.objc; name = CDVCamera.m; path = "cordova-plugin-camera/CDVCamera.m"; sourceTree = "<group>"; };
		D4E6115D9902471499964EB1 /* CDVLocation.m */ = {isa = PBXFileReference; explicitFileType = undefined; fileEncoding = 4; includeInIndex = 0; lastKnownFileType = sourcecode.c.objc; name = CDVLocation.m; path = "cordova-plugin-geolocation/CDVLocation.m"; sourceTree = "<group>"; };
		DC3943797EAD4B749A57415A /* CDVJpegHeaderWriter.h */ = {isa = PBXFileReference; explicitFileType = undefined; fileEncoding = 4; includeInIndex = 0; lastKnownFileType = sourcecode.c.h; name = CDVJpegHeaderWriter.h; path = "cordova-plugin-camera/CDVJpegHeaderWriter.h"; sourceTree = "<group>"; };
		DCE513B2AA3C4816B65E0F4F /* CDVSound.h */ = {isa = PBXFileReference; explicitFileType = undefined; fileEncoding = 4; includeInIndex = 0; lastKnownFileType = sourcecode.c.h; name = CDVSound.h; path = "cordova-plugin-media/CDVSound.h"; sourceTree = "<group>"; };
		DF9E2C53A6434626A4F6D75B /* CDVNotification.bundle */ = {isa = PBXFileReference; explicitFileType = undefined; fileEncoding = 0; includeInIndex = 0; lastKnownFileType = "wrapper.plug-in"; path = CDVNotification.bundle; sourceTree = "<group>"; };
		E07BEFABC42F4858BC3CC279 /* AddressBookUI.framework */ = {isa = PBXFileReference; explicitFileType = undefined; fileEncoding = 0; includeInIndex = 0; lastKnownFileType = wrapper.framework; name = AddressBookUI.framework; path = System/Library/Frameworks/AddressBookUI.framework; sourceTree = SDKROOT; };
		E2B54922A6F74584831B6A67 /* CDVConnection.m */ = {isa = PBXFileReference; explicitFileType = undefined; fileEncoding = 4; includeInIndex = 0; lastKnownFileType = sourcecode.c.objc; name = CDVConnection.m; path = "cordova-plugin-network-information/CDVConnection.m"; sourceTree = "<group>"; };
		E5B5E5206F42432D9EF466A6 /* CDVExif.h */ = {isa = PBXFileReference; explicitFileType = undefined; fileEncoding = 4; includeInIndex = 0; lastKnownFileType = sourcecode.c.h; name = CDVExif.h; path = "cordova-plugin-camera/CDVExif.h"; sourceTree = "<group>"; };
		E93C97048E34455FA5D51B7C /* CDVSplashScreen.m */ = {isa = PBXFileReference; explicitFileType = undefined; fileEncoding = 4; includeInIndex = 0; lastKnownFileType = sourcecode.c.objc; name = CDVSplashScreen.m; path = "cordova-plugin-splashscreen/CDVSplashScreen.m"; sourceTree = "<group>"; };
		EB79A5A9EB4F4D05A050E59E /* CDVDevice.m */ = {isa = PBXFileReference; explicitFileType = undefined; fileEncoding = 4; includeInIndex = 0; lastKnownFileType = sourcecode.c.objc; name = CDVDevice.m; path = "cordova-plugin-device/CDVDevice.m"; sourceTree = "<group>"; };
		EB87FDF31871DA8E0020F90C /* www */ = {isa = PBXFileReference; lastKnownFileType = folder; name = www; path = ../../www; sourceTree = "<group>"; };
		EB87FDF41871DAF40020F90C /* config.xml */ = {isa = PBXFileReference; lastKnownFileType = text.xml; name = config.xml; path = ../../config.xml; sourceTree = "<group>"; };
		ED33DF2A687741AEAF9F8254 /* Bridging-Header.h */ = {isa = PBXFileReference; fileEncoding = 4; lastKnownFileType = sourcecode.c.h; path = "Bridging-Header.h"; sourceTree = "<group>"; };
		F8203148F6B1425D97C80EE4 /* CDVContacts.h */ = {isa = PBXFileReference; explicitFileType = undefined; fileEncoding = 4; includeInIndex = 0; lastKnownFileType = sourcecode.c.h; name = CDVContacts.h; path = "cordova-plugin-contacts/CDVContacts.h"; sourceTree = "<group>"; };
		F840E1F0165FE0F500CFE078 /* config.xml */ = {isa = PBXFileReference; lastKnownFileType = text.xml; name = config.xml; path = "GWT-Phonegap/config.xml"; sourceTree = "<group>"; };
		5F1780D903674B7596195F15 /* CDVStatusBar.m */ = {isa = PBXFileReference; name = "CDVStatusBar.m"; path = "cordova-plugin-statusbar/CDVStatusBar.m"; sourceTree = "<group>"; fileEncoding = 4; lastKnownFileType = sourcecode.c.objc; explicitFileType = undefined; includeInIndex = 0; };
		8A8A9E028AD04DCF865B09CB /* CDVStatusBar.h */ = {isa = PBXFileReference; name = "CDVStatusBar.h"; path = "cordova-plugin-statusbar/CDVStatusBar.h"; sourceTree = "<group>"; fileEncoding = 4; lastKnownFileType = sourcecode.c.h; explicitFileType = undefined; includeInIndex = 0; };
/* End PBXFileReference section */

/* Begin PBXFrameworksBuildPhase section */
		1D60588F0D05DD3D006BFB54 /* Frameworks */ = {
			isa = PBXFrameworksBuildPhase;
			buildActionMask = 2147483647;
			files = (
				301BF552109A68D80062928A /* libCordova.a in Frameworks */,
				2769F810C5B34373993A9438 /* ImageIO.framework in Frameworks */,
				27B89BA24C95411C8798249E /* CoreLocation.framework in Frameworks */,
				B2518AF034EA4335BF954A76 /* AVFoundation.framework in Frameworks */,
				D4F73EBB0D3740708FFAB9E8 /* AddressBook.framework in Frameworks */,
				755FD09F39F04E7EB0A88B39 /* AddressBookUI.framework in Frameworks */,
				1B8BD6F386134D4BB19119FA /* CoreMotion.framework in Frameworks */,
				80F58499B7BC484BAB9E3B94 /* AudioToolbox.framework in Frameworks */,
				8D43FF9BD28343889D740C00 /* SystemConfiguration.framework in Frameworks */,
				CF007439624E4DF4A1B4C118 /* CoreTelephony.framework in Frameworks */,
			);
			runOnlyForDeploymentPostprocessing = 0;
		};
/* End PBXFrameworksBuildPhase section */

/* Begin PBXGroup section */
		080E96DDFE201D6D7F000001 /* Classes */ = {
			isa = PBXGroup;
			children = (
				302D95EE14D2391D003F00A1 /* MainViewController.h */,
				302D95EF14D2391D003F00A1 /* MainViewController.m */,
				302D95F014D2391D003F00A1 /* MainViewController.xib */,
				1D3623240D0F684500981E51 /* AppDelegate.h */,
				1D3623250D0F684500981E51 /* AppDelegate.m */,
			);
			name = Classes;
			path = "GWT-Phonegap/Classes";
			sourceTree = SOURCE_ROOT;
		};
		19C28FACFE9D520D11CA2CBB /* Products */ = {
			isa = PBXGroup;
			children = (
				1D6058910D05DD3D006BFB54 /* GWT-PhoneGap.app */,
			);
			name = Products;
			sourceTree = "<group>";
		};
		29B97314FDCFA39411CA2CEA /* CustomTemplate */ = {
			isa = PBXGroup;
			children = (
				EB87FDF41871DAF40020F90C /* config.xml */,
				EB87FDF31871DA8E0020F90C /* www */,
				EB87FDF11871DA420020F90C /* Staging */,
				301BF52D109A57CC0062928A /* CordovaLib.xcodeproj */,
				080E96DDFE201D6D7F000001 /* Classes */,
				307C750510C5A3420062BCA9 /* Plugins */,
				29B97315FDCFA39411CA2CEA /* Other Sources */,
				29B97317FDCFA39411CA2CEA /* Resources */,
				29B97323FDCFA39411CA2CEA /* Frameworks */,
				19C28FACFE9D520D11CA2CBB /* Products */,
			);
			name = CustomTemplate;
			sourceTree = "<group>";
		};
		29B97315FDCFA39411CA2CEA /* Other Sources */ = {
			isa = PBXGroup;
			children = (
				32CA4F630368D1EE00C91783 /* GWT-Phonegap-Prefix.pch */,
				29B97316FDCFA39411CA2CEA /* main.m */,
				ED33DF2A687741AEAF9F8254 /* Bridging-Header.h */,
			);
			name = "Other Sources";
			path = "GWT-Phonegap";
			sourceTree = "<group>";
		};
		29B97317FDCFA39411CA2CEA /* Resources */ = {
			isa = PBXGroup;
			children = (
				0207DA571B56EA530066E2B4 /* Images.xcassets */,
				3047A50E1AB8057F00498E2A /* config */,
				8D1107310486CEB800E47090 /* GWT-Phonegap-Info.plist */,
				DF9E2C53A6434626A4F6D75B /* CDVNotification.bundle */,
				7C6519DD7F5749B0A441FC96 /* CDVCapture.bundle */,
			);
			name = Resources;
			path = "GWT-Phonegap/Resources";
			sourceTree = "<group>";
		};
		29B97323FDCFA39411CA2CEA /* Frameworks */ = {
			isa = PBXGroup;
			children = (
				31ACDE1B01D14695ADA11260 /* ImageIO.framework */,
				C68B1EB24EBD4D16BF454897 /* CoreLocation.framework */,
				8B814E34F71B4F329C3DFAAC /* AVFoundation.framework */,
				A4D2F69BDE5148B8B0378073 /* AddressBook.framework */,
				E07BEFABC42F4858BC3CC279 /* AddressBookUI.framework */,
				923EE06E8F4C41DA9C2B7D0E /* CoreMotion.framework */,
				D19D3369F9874FB08A098F54 /* AudioToolbox.framework */,
				AE95210FBACE4945BA157A8C /* SystemConfiguration.framework */,
				6212836502514A21BB09D31E /* CoreTelephony.framework */,
			);
			name = Frameworks;
			sourceTree = "<group>";
		};
		301BF52E109A57CC0062928A /* Products */ = {
			isa = PBXGroup;
			children = (
				301BF535109A57CC0062928A /* libCordova.a */,
			);
			name = Products;
			sourceTree = "<group>";
		};
		3047A50E1AB8057F00498E2A /* config */ = {
			isa = PBXGroup;
			children = (
				3047A50F1AB8059700498E2A /* build-debug.xcconfig */,
				3047A5101AB8059700498E2A /* build-release.xcconfig */,
				3047A5111AB8059700498E2A /* build.xcconfig */,
			);
			name = config;
			sourceTree = "<group>";
		};
		307C750510C5A3420062BCA9 /* Plugins */ = {
			isa = PBXGroup;
			children = (
				5F100E682DE74B3AA5E0BCB4 /* CDVBattery.m */,
				51FC39651503400DBB32DE7B /* CDVBattery.h */,
				43CFF12B327D44F6A79D56AF /* UIImage+CropScaleOrientation.m */,
				D1DB77B1796B41CCA674F4E5 /* CDVCamera.m */,
				4516440BF22E46E395CE2FED /* CDVJpegHeaderWriter.m */,
				3663F7EDC9FD4F25869C1FE4 /* UIImage+CropScaleOrientation.h */,
				081CA98EFBEA41D68EB5680D /* CDVCamera.h */,
				DC3943797EAD4B749A57415A /* CDVJpegHeaderWriter.h */,
				E5B5E5206F42432D9EF466A6 /* CDVExif.h */,
				274A74171AEE4046B9461A1D /* CDVContacts.m */,
				723E427EF4D4417D9AEC1503 /* CDVContact.m */,
				F8203148F6B1425D97C80EE4 /* CDVContacts.h */,
				00E6C155FF334C4E910B9C8B /* CDVContact.h */,
				AFF1AB6853624EE5B03C54E6 /* CDVAccelerometer.m */,
				07EE9F125F95447C83EE8200 /* CDVAccelerometer.h */,
				6DCEE759077F4DBD9457C57A /* CDVCompass.m */,
				C2CE7A449C9243B795EA7C94 /* CDVCompass.h */,
				EB79A5A9EB4F4D05A050E59E /* CDVDevice.m */,
				B9056E913DF54C15A53793ED /* CDVDevice.h */,
				CE9B688E0A8C4A48BE38E785 /* CDVNotification.m */,
				D02B25CA50284EF48F73690A /* CDVNotification.h */,
				BB5ABC3D752342F3B933D8A4 /* CDVFile.m */,
				9B2D6AB1F26D4C5488B1A067 /* CDVLocalFilesystem.m */,
				833AFDDF9B354B7886BA4659 /* CDVAssetLibraryFilesystem.m */,
				BFD7F2AEBDF446A5AE232258 /* CDVFile.h */,
				394BF0D2D9FC480AB2009829 /* CDVLocalFilesystem.h */,
				1506C13990C344919C81DA19 /* CDVAssetLibraryFilesystem.h */,
				B5DB454C940E43DB920DC02D /* CDVFileTransfer.m */,
				7D4725BF383445CF8CAC34C5 /* CDVFileTransfer.h */,
				D4E6115D9902471499964EB1 /* CDVLocation.m */,
				C862BF15A0504F369A8EFDB3 /* CDVLocation.h */,
				3923E228070849A6A6CDBC86 /* CDVGlobalization.m */,
				2E69EBF235D4410C924B54DD /* CDVGlobalization.h */,
				C74ABB80D53A4F20B13D598C /* CDVInAppBrowser.m */,
				58B6DC0BBE984CDF9691F501 /* CDVInAppBrowser.h */,
				5DAAC51D11E64625826B958D /* CDVCapture.m */,
				309878BEF15E4F568D8551D5 /* CDVCapture.h */,
				869F0F1A19E848208FE4B9E8 /* CDVSound.m */,
				DCE513B2AA3C4816B65E0F4F /* CDVSound.h */,
				E2B54922A6F74584831B6A67 /* CDVConnection.m */,
				17F0610711BE4B14841CEF5D /* CDVReachability.m */,
				760761974C384149A78808BB /* CDVConnection.h */,
				4BEAAE2F8590479289702D08 /* CDVReachability.h */,
				E93C97048E34455FA5D51B7C /* CDVSplashScreen.m */,
				824DCBF303D5401A9FF291A3 /* CDVViewController+SplashScreen.m */,
				45E6D52031A8439B811EC339 /* CDVSplashScreen.h */,
				32F2FA179962429CA5DA06E9 /* CDVViewController+SplashScreen.h */,
				327C08482A4D41C48A830BB1 /* CDVVibration.m */,
				0B670CACB94E4661B87B4FB1 /* CDVVibration.h */,
				5F1780D903674B7596195F15 /* CDVStatusBar.m */,
				8A8A9E028AD04DCF865B09CB /* CDVStatusBar.h */,
			);
			name = Plugins;
			path = "GWT-Phonegap/Plugins";
			sourceTree = SOURCE_ROOT;
		};
		EB87FDF11871DA420020F90C /* Staging */ = {
			isa = PBXGroup;
			children = (
				F840E1F0165FE0F500CFE078 /* config.xml */,
				301BF56E109A69640062928A /* www */,
			);
			name = Staging;
			sourceTree = "<group>";
		};
/* End PBXGroup section */

/* Begin PBXNativeTarget section */
		1D6058900D05DD3D006BFB54 /* GWT-Phonegap */ = {
			isa = PBXNativeTarget;
			buildConfigurationList = 1D6058960D05DD3E006BFB54 /* Build configuration list for PBXNativeTarget "GWT-Phonegap" */;
			buildPhases = (
				304B58A110DAC018002A0835 /* Copy www directory */,
				1D60588D0D05DD3D006BFB54 /* Resources */,
				1D60588E0D05DD3D006BFB54 /* Sources */,
				1D60588F0D05DD3D006BFB54 /* Frameworks */,
			);
			buildRules = (
			);
			dependencies = (
				301BF551109A68C00062928A /* PBXTargetDependency */,
			);
			name = "GWT-Phonegap";
			productName = "GWT-Phonegap";
			productReference = 1D6058910D05DD3D006BFB54 /* GWT-PhoneGap.app */;
			productType = "com.apple.product-type.application";
		};
/* End PBXNativeTarget section */

/* Begin PBXProject section */
		29B97313FDCFA39411CA2CEA /* Project object */ = {
			isa = PBXProject;
			attributes = {
				LastUpgradeCheck = 510;
			};
			buildConfigurationList = C01FCF4E08A954540054247B /* Build configuration list for PBXProject "GWT-Phonegap" */;
			compatibilityVersion = "Xcode 3.2";
			developmentRegion = English;
			hasScannedForEncodings = 1;
			knownRegions = (
				en,
			);
			mainGroup = 29B97314FDCFA39411CA2CEA /* CustomTemplate */;
			projectDirPath = "";
			projectReferences = (
				{
					ProductGroup = 301BF52E109A57CC0062928A /* Products */;
					ProjectRef = 301BF52D109A57CC0062928A /* CordovaLib.xcodeproj */;
				},
			);
			projectRoot = "";
			targets = (
				1D6058900D05DD3D006BFB54 /* GWT-Phonegap */,
			);
		};
/* End PBXProject section */

/* Begin PBXReferenceProxy section */
		301BF535109A57CC0062928A /* libCordova.a */ = {
			isa = PBXReferenceProxy;
			fileType = archive.ar;
			path = libCordova.a;
			remoteRef = 301BF534109A57CC0062928A /* PBXContainerItemProxy */;
			sourceTree = BUILT_PRODUCTS_DIR;
		};
/* End PBXReferenceProxy section */

/* Begin PBXResourcesBuildPhase section */
		1D60588D0D05DD3D006BFB54 /* Resources */ = {
			isa = PBXResourcesBuildPhase;
			buildActionMask = 2147483647;
			files = (
				302D95F214D2391D003F00A1 /* MainViewController.xib in Resources */,
				3047A5131AB8059700498E2A /* build-release.xcconfig in Resources */,
				3047A5141AB8059700498E2A /* build.xcconfig in Resources */,
				0207DA581B56EA530066E2B4 /* Images.xcassets in Resources */,
				3047A5121AB8059700498E2A /* build-debug.xcconfig in Resources */,
				BBE5567522794566B5FED0FE /* CDVNotification.bundle in Resources */,
				53071A5E5292474D80812394 /* CDVCapture.bundle in Resources */,
			);
			runOnlyForDeploymentPostprocessing = 0;
		};
/* End PBXResourcesBuildPhase section */

/* Begin PBXShellScriptBuildPhase section */
		304B58A110DAC018002A0835 /* Copy www directory */ = {
			isa = PBXShellScriptBuildPhase;
			buildActionMask = 2147483647;
			files = (
			);
			inputPaths = (
			);
			name = "Copy www directory";
			outputPaths = (
			);
			runOnlyForDeploymentPostprocessing = 0;
			shellPath = /bin/sh;
			shellScript = "NODEJS_PATH=/usr/local/bin; NVM_NODE_PATH=~/.nvm/versions/node/`nvm version 2>/dev/null`/bin; N_NODE_PATH=`find /usr/local/n/versions/node/* -maxdepth 0 -type d 2>/dev/null | tail -1`/bin; XCODE_NODE_PATH=`xcode-select --print-path`/usr/share/xcs/Node/bin; PATH=$NODEJS_PATH:$NVM_NODE_PATH:$N_NODE_PATH:$XCODE_NODE_PATH:$PATH && node cordova/lib/copy-www-build-step.js";
			showEnvVarsInLog = 0;
		};
/* End PBXShellScriptBuildPhase section */

/* Begin PBXSourcesBuildPhase section */
		1D60588E0D05DD3D006BFB54 /* Sources */ = {
			isa = PBXSourcesBuildPhase;
			buildActionMask = 2147483647;
			files = (
				1D60589B0D05DD56006BFB54 /* main.m in Sources */,
				1D3623260D0F684500981E51 /* AppDelegate.m in Sources */,
				302D95F114D2391D003F00A1 /* MainViewController.m in Sources */,
				1F23ABE7BC4C4BE4BFE4DF26 /* CDVBattery.m in Sources */,
				002FEF222AB7438783155F53 /* UIImage+CropScaleOrientation.m in Sources */,
				CBC33BB951574921BF16504C /* CDVCamera.m in Sources */,
				DBE9EDACA44244C39D48ABFD /* CDVJpegHeaderWriter.m in Sources */,
				F639ABA284D643AAAB5A52BF /* CDVContacts.m in Sources */,
				FA6A06C986DE47FEAEC0792B /* CDVContact.m in Sources */,
				EB7A4E26C75A4858B49BF9BD /* CDVAccelerometer.m in Sources */,
				6231ACE8CEAC4EB9BE8B4140 /* CDVCompass.m in Sources */,
				E90FB2C293BF4715939E53C7 /* CDVDevice.m in Sources */,
				5E807A91809649B2A64F79D1 /* CDVNotification.m in Sources */,
				904DCEB98AA4446D954BA1D5 /* CDVFile.m in Sources */,
				9C732A8D711D454F84BFA2BD /* CDVLocalFilesystem.m in Sources */,
				70C2ED1006504F27B3F223D2 /* CDVAssetLibraryFilesystem.m in Sources */,
				9D64CDC6D1EA434295ECD0FB /* CDVFileTransfer.m in Sources */,
				C03849D0951D4227AEF65C8A /* CDVLocation.m in Sources */,
				49AA3468B1134200AC7DB0E7 /* CDVGlobalization.m in Sources */,
				ABA91AE592854831971EBD09 /* CDVInAppBrowser.m in Sources */,
				DE8B41A301E3498C9AD39BE9 /* CDVCapture.m in Sources */,
				D93EB45E71AE4A2E98A55562 /* CDVSound.m in Sources */,
				5257D25C6EF145FCB2D0B7D1 /* CDVConnection.m in Sources */,
				57102491EA4A4B86AE4AE7DE /* CDVReachability.m in Sources */,
				F480E430ADEC4985989C9FFB /* CDVSplashScreen.m in Sources */,
				3BAECB03148C470899D4A9AF /* CDVViewController+SplashScreen.m in Sources */,
				B2141C02F63240AF845E86D7 /* CDVVibration.m in Sources */,
				365325C5ABF84FC096A8847A /* CDVStatusBar.m in Sources */,
			);
			runOnlyForDeploymentPostprocessing = 0;
		};
/* End PBXSourcesBuildPhase section */

/* Begin PBXTargetDependency section */
		301BF551109A68C00062928A /* PBXTargetDependency */ = {
			isa = PBXTargetDependency;
			name = CordovaLib;
			targetProxy = 301BF550109A68C00062928A /* PBXContainerItemProxy */;
		};
/* End PBXTargetDependency section */

/* Begin XCBuildConfiguration section */
		1D6058940D05DD3E006BFB54 /* Debug */ = {
			isa = XCBuildConfiguration;
			baseConfigurationReference = 3047A50F1AB8059700498E2A /* build-debug.xcconfig */;
			buildSettings = {
				ALWAYS_SEARCH_USER_PATHS = NO;
				ASSETCATALOG_COMPILER_APPICON_NAME = AppIcon;
				ASSETCATALOG_COMPILER_LAUNCHIMAGE_NAME = LaunchImage;
				CLANG_ENABLE_MODULES = YES;
				CLANG_ENABLE_OBJC_ARC = YES;
				COPY_PHASE_STRIP = NO;
				GCC_DYNAMIC_NO_PIC = NO;
				GCC_OPTIMIZATION_LEVEL = 0;
				GCC_PRECOMPILE_PREFIX_HEADER = YES;
				GCC_PREFIX_HEADER = "GWT-Phonegap/GWT-Phonegap-Prefix.pch";
				GCC_THUMB_SUPPORT = NO;
				GCC_VERSION = "";
				INFOPLIST_FILE = "GWT-Phonegap/GWT-Phonegap-Info.plist";
				LD_RUNPATH_SEARCH_PATHS = "@executable_path/Frameworks";
				PRODUCT_NAME = "GWT-PhoneGap";
			};
			name = Debug;
		};
		1D6058950D05DD3E006BFB54 /* Release */ = {
			isa = XCBuildConfiguration;
			baseConfigurationReference = 3047A5101AB8059700498E2A /* build-release.xcconfig */;
			buildSettings = {
				ALWAYS_SEARCH_USER_PATHS = NO;
				ASSETCATALOG_COMPILER_APPICON_NAME = AppIcon;
				ASSETCATALOG_COMPILER_LAUNCHIMAGE_NAME = LaunchImage;
				CLANG_ENABLE_MODULES = YES;
				CLANG_ENABLE_OBJC_ARC = YES;
				COPY_PHASE_STRIP = YES;
				GCC_PRECOMPILE_PREFIX_HEADER = YES;
				GCC_PREFIX_HEADER = "GWT-Phonegap/GWT-Phonegap-Prefix.pch";
				GCC_THUMB_SUPPORT = NO;
				GCC_VERSION = "";
				INFOPLIST_FILE = "GWT-Phonegap/GWT-Phonegap-Info.plist";
				PRODUCT_NAME = "GWT-PhoneGap";
			};
			name = Release;
		};
		C01FCF4F08A954540054247B /* Debug */ = {
			isa = XCBuildConfiguration;
			baseConfigurationReference = 3047A5111AB8059700498E2A /* build.xcconfig */;
			buildSettings = {
				CLANG_ENABLE_MODULES = YES;
				CLANG_ENABLE_OBJC_ARC = YES;
				CLANG_WARN_BOOL_CONVERSION = YES;
				CLANG_WARN_CONSTANT_CONVERSION = YES;
				CLANG_WARN_EMPTY_BODY = YES;
				CLANG_WARN_ENUM_CONVERSION = YES;
				CLANG_WARN_INT_CONVERSION = YES;
				CLANG_WARN__DUPLICATE_METHOD_MATCH = YES;
				GCC_C_LANGUAGE_STANDARD = c99;
				GCC_THUMB_SUPPORT = NO;
				GCC_VERSION = "";
				GCC_WARN_ABOUT_RETURN_TYPE = YES;
				GCC_WARN_UNDECLARED_SELECTOR = YES;
				GCC_WARN_UNINITIALIZED_AUTOS = YES;
				GCC_WARN_UNUSED_FUNCTION = YES;
				GCC_WARN_UNUSED_VARIABLE = YES;
				ONLY_ACTIVE_ARCH = YES;
				PRODUCT_NAME = "GWT-PhoneGap";
				SDKROOT = iphoneos;
				SKIP_INSTALL = NO;
			};
			name = Debug;
		};
		C01FCF5008A954540054247B /* Release */ = {
			isa = XCBuildConfiguration;
			baseConfigurationReference = 3047A5111AB8059700498E2A /* build.xcconfig */;
			buildSettings = {
				CLANG_ENABLE_MODULES = YES;
				CLANG_ENABLE_OBJC_ARC = YES;
				CLANG_WARN_BOOL_CONVERSION = YES;
				CLANG_WARN_CONSTANT_CONVERSION = YES;
				CLANG_WARN_EMPTY_BODY = YES;
				CLANG_WARN_ENUM_CONVERSION = YES;
				CLANG_WARN_INT_CONVERSION = YES;
				CLANG_WARN__DUPLICATE_METHOD_MATCH = YES;
				GCC_C_LANGUAGE_STANDARD = c99;
				GCC_THUMB_SUPPORT = NO;
				GCC_VERSION = "";
				GCC_WARN_ABOUT_RETURN_TYPE = YES;
				GCC_WARN_UNDECLARED_SELECTOR = YES;
				GCC_WARN_UNINITIALIZED_AUTOS = YES;
				GCC_WARN_UNUSED_FUNCTION = YES;
				GCC_WARN_UNUSED_VARIABLE = YES;
				PRODUCT_NAME = "GWT-PhoneGap";
				SDKROOT = iphoneos;
				SKIP_INSTALL = NO;
			};
			name = Release;
		};
/* End XCBuildConfiguration section */

/* Begin XCConfigurationList section */
		1D6058960D05DD3E006BFB54 /* Build configuration list for PBXNativeTarget "GWT-Phonegap" */ = {
			isa = XCConfigurationList;
			buildConfigurations = (
				1D6058940D05DD3E006BFB54 /* Debug */,
				1D6058950D05DD3E006BFB54 /* Release */,
			);
			defaultConfigurationIsVisible = 0;
			defaultConfigurationName = Release;
		};
		C01FCF4E08A954540054247B /* Build configuration list for PBXProject "GWT-Phonegap" */ = {
			isa = XCConfigurationList;
			buildConfigurations = (
				C01FCF4F08A954540054247B /* Debug */,
				C01FCF5008A954540054247B /* Release */,
			);
			defaultConfigurationIsVisible = 0;
			defaultConfigurationName = Release;
		};
/* End XCConfigurationList section */
	};
	rootObject = 29B97313FDCFA39411CA2CEA /* Project object */;
}
